{"is_source_file": false, "format": "", "description": "", "external_files": [], "external_methods": [], "published": [], "classes": [], "methods": [], "calls": [], "search-terms": [], "state": 2, "file_id": 32, "knowledge_revision": 68, "git_revision": "c8d787ee20937ef0d834972eeb302e5f98111771", "filename": "/home/kavia/workspace/code-generation/tictactoe-duel-102324-03b75a89/tic_tac_toe_duel/post_process_status.lock", "hash": "e9b4c3b42cef0193b7fddb548d37e652", "format-version": 4, "code-base-name": "default", "revision_history": [{"68": "c8d787ee20937ef0d834972eeb302e5f98111771"}]}